lockfileVersion: '9.0'

settings:
  autoInstallPeers: true
  excludeLinksFromLockfile: false

importers:

  .:
    dependencies:
      uuid:
        specifier: ^13.0.0
        version: 13.0.0
      xmlbuilder2:
        specifier: ^4.0.1
        version: 4.0.1

packages:

  '@oozcitak/dom@2.0.2':
    resolution: {integrity: sha512-GjpKhkSYC3Mj4+lfwEyI1dqnsKTgwGy48ytZEhm4A/xnH/8z9M3ZVXKr/YGQi3uCLs1AEBS+x5T2JPiueEDW8w==}
    engines: {node: '>=20.0'}

  '@oozcitak/infra@2.0.2':
    resolution: {integrity: sha512-2g+E7hoE2dgCz/APPOEK5s3rMhJvNxSMBrP+U+j1OWsIbtSpWxxlUjq1lU8RIsFJNYv7NMlnVsCuHcUzJW+8vA==}
    engines: {node: '>=20.0'}

  '@oozcitak/url@3.0.0':
    resolution: {integrity: sha512-ZKfET8Ak1wsLAiLWNfFkZc/BraDccuTJKR6svTYc7sVjbR+Iu0vtXdiDMY4o6jaFl5TW2TlS7jbLl4VovtAJWQ==}
    engines: {node: '>=20.0'}

  '@oozcitak/util@10.0.0':
    resolution: {integrity: sha512-hAX0pT/73190NLqBPPWSdBVGtbY6VOhWYK3qqHqtXQ1gK7kS2yz4+ivsN07hpJ6I3aeMtKP6J6npsEKOAzuTLA==}
    engines: {node: '>=20.0'}

  argparse@2.0.1:
    resolution: {integrity: sha512-8+9WqebbFzpX9OR+Wa6O29asIogeRMzcGtAINdpMHHyAg10f05aSFVBbcEqGf/PXw1EjAZ+q2/bEBg3DvurK3Q==}

  js-yaml@4.1.1:
    resolution: {integrity: sha512-qQKT4zQxXl8lLwBtHMWwaTcGfFOZviOJet3Oy/xmGk2gZH677CJM9EvtfdSkgWcATZhj/55JZ0rmy3myCT5lsA==}
    hasBin: true

  uuid@13.0.0:
    resolution: {integrity: sha512-XQegIaBTVUjSHliKqcnFqYypAd4S+WCYt5NIeRs6w/UAry7z8Y9j5ZwRRL4kzq9U3sD6v+85er9FvkEaBpji2w==}
    hasBin: true

  xmlbuilder2@4.0.1:
    resolution: {integrity: sha512-vXeky0YRVjhx5pseJDQLk0F6u7gyA8++ceVOS88r4dWu4lWdY/ZjbL45QrN+g0GzZLg1D5AkzThpikZa98SC/g==}
    engines: {node: '>=20.0'}

snapshots:

  '@oozcitak/dom@2.0.2':
    dependencies:
      '@oozcitak/infra': 2.0.2
      '@oozcitak/url': 3.0.0
      '@oozcitak/util': 10.0.0

  '@oozcitak/infra@2.0.2':
    dependencies:
      '@oozcitak/util': 10.0.0

  '@oozcitak/url@3.0.0':
    dependencies:
      '@oozcitak/infra': 2.0.2
      '@oozcitak/util': 10.0.0

  '@oozcitak/util@10.0.0': {}

  argparse@2.0.1: {}

  js-yaml@4.1.1:
    dependencies:
      argparse: 2.0.1

  uuid@13.0.0: {}

  xmlbuilder2@4.0.1:
    dependencies:
      '@oozcitak/dom': 2.0.2
      '@oozcitak/infra': 2.0.2
      '@oozcitak/util': 10.0.0
      js-yaml: 4.1.1
